
Microsoft Visual Studio Solution File, Format Version 12.00
# Visual Studio Version 17
VisualStudioVersion = 17.9.34902.65
MinimumVisualStudioVersion = 10.0.40219.1
Project("{FAE04EC0-301F-11D3-BF4B-00C04F79EFBC}") = "Abc.CarTraders", "Abc.CarTraders\Abc.CarTraders.csproj", "{D6B21CB1-F699-4622-9E48-066E18609833}"
EndProject
Project("{FAE04EC0-301F-11D3-BF4B-00C04F79EFBC}") = "Abc.Material", "Abc.Material\Abc.Material.csproj", "{3C9D88A4-F5DB-4BA5-8C2E-79A14D41CD8D}"
EndProject
Global
	GlobalSection(SolutionConfigurationPlatforms) = preSolution
		Debug|Any CPU = Debug|Any CPU
		Release|Any CPU = Release|Any CPU
	EndGlobalSection
	GlobalSection(ProjectConfigurationPlatforms) = postSolution
		{D6B21CB1-F699-4622-9E48-066E18609833}.Debug|Any CPU.ActiveCfg = Debug|Any CPU
		{D6B21CB1-F699-4622-9E48-066E18609833}.Debug|Any CPU.Build.0 = Debug|Any CPU
		{D6B21CB1-F699-4622-9E48-066E18609833}.Release|Any CPU.ActiveCfg = Release|Any CPU
		{D6B21CB1-F699-4622-9E48-066E18609833}.Release|Any CPU.Build.0 = Release|Any CPU
		{3C9D88A4-F5DB-4BA5-8C2E-79A14D41CD8D}.Debug|Any CPU.ActiveCfg = Debug|Any CPU
		{3C9D88A4-F5DB-4BA5-8C2E-79A14D41CD8D}.Debug|Any CPU.Build.0 = Debug|Any CPU
		{3C9D88A4-F5DB-4BA5-8C2E-79A14D41CD8D}.Release|Any CPU.ActiveCfg = Release|Any CPU
		{3C9D88A4-F5DB-4BA5-8C2E-79A14D41CD8D}.Release|Any CPU.Build.0 = Release|Any CPU
	EndGlobalSection
	GlobalSection(SolutionProperties) = preSolution
		HideSolutionNode = FALSE
	EndGlobalSection
	GlobalSection(ExtensibilityGlobals) = postSolution
		SolutionGuid = {2CA879CB-CA56-4010-A91C-25DED5B73C46}
	EndGlobalSection
EndGlobal
